# THIS IS AN AUTOGENERATED FILE. DO NOT EDIT THIS FILE DIRECTLY.
# yarn lockfile v1


"@openzeppelin/contracts@^3.4.1":
  version "3.4.1"
  resolved "https://registry.yarnpkg.com/@openzeppelin/contracts/-/contracts-3.4.1.tgz#03c891fec7f93be0ae44ed74e57a122a38732ce7"
  integrity sha512-cUriqMauq1ylzP2TxePNdPqkwI7Le3Annh4K9rrpvKfSBB/bdW+Iu1ihBaTIABTAAJ85LmKL5SSPPL9ry8d1gQ==
